// !$*UTF8*$!
{
	archiveVersion = 1;
	classes = {
	};
	objectVersion = 56;
	objects = {

/* Begin PBXBuildFile section */
		A8CEA96F654C3673D453A8CE /* Pods_Sleep_Tracker.framework in Frameworks */ = {isa = PBXBuildFile; fileRef = 3C409EB44AE4106BE0ADAD9D /* Pods_Sleep_Tracker.framework */; };
		B3A586342B7BE37E005ABB2C /* LoginViewController.swift in Sources */ = {isa = PBXBuildFile; fileRef = B3A586332B7BE37E005ABB2C /* LoginViewController.swift */; };
		B3A586362B7BE7D7005ABB2C /* TextFieldWithLabel.swift in Sources */ = {isa = PBXBuildFile; fileRef = B3A586352B7BE7D7005ABB2C /* TextFieldWithLabel.swift */; };
		B3A586382B7BF9A0005ABB2C /* TextField.swift in Sources */ = {isa = PBXBuildFile; fileRef = B3A586372B7BF9A0005ABB2C /* TextField.swift */; };
		B3B9052F2B80A4D60091FC8E /* LoginViewModel.swift in Sources */ = {isa = PBXBuildFile; fileRef = B3B9052E2B80A4D60091FC8E /* LoginViewModel.swift */; };
		B3B905312B80B4980091FC8E /* RegexValidations.swift in Sources */ = {isa = PBXBuildFile; fileRef = B3B905302B80B4980091FC8E /* RegexValidations.swift */; };
		B3C7F3BD2B7A926E0003D42E /* LogoView.swift in Sources */ = {isa = PBXBuildFile; fileRef = B3C7F3BC2B7A926E0003D42E /* LogoView.swift */; };
		B3C7F3BF2B7A9A980003D42E /* AuthActionsView.swift in Sources */ = {isa = PBXBuildFile; fileRef = B3C7F3BE2B7A9A980003D42E /* AuthActionsView.swift */; };
		B3C7F3C12B7A9E2A0003D42E /* AuthThirdPartyView.swift in Sources */ = {isa = PBXBuildFile; fileRef = B3C7F3C02B7A9E2A0003D42E /* AuthThirdPartyView.swift */; };
		B3C7F3C42B7AA18F0003D42E /* OrDivider.swift in Sources */ = {isa = PBXBuildFile; fileRef = B3C7F3C32B7AA18F0003D42E /* OrDivider.swift */; };
		B3D69D922B779B3300CBA806 /* AppDelegate.swift in Sources */ = {isa = PBXBuildFile; fileRef = B3D69D912B779B3300CBA806 /* AppDelegate.swift */; };
		B3D69D942B779B3300CBA806 /* SceneDelegate.swift in Sources */ = {isa = PBXBuildFile; fileRef = B3D69D932B779B3300CBA806 /* SceneDelegate.swift */; };
		B3D69D962B779B3300CBA806 /* OnboardingViewController.swift in Sources */ = {isa = PBXBuildFile; fileRef = B3D69D952B779B3300CBA806 /* OnboardingViewController.swift */; };
		B3D69D9B2B779B3400CBA806 /* Assets.xcassets in Resources */ = {isa = PBXBuildFile; fileRef = B3D69D9A2B779B3400CBA806 /* Assets.xcassets */; };
		B3D69D9E2B779B3400CBA806 /* LaunchScreen.storyboard in Resources */ = {isa = PBXBuildFile; fileRef = B3D69D9C2B779B3400CBA806 /* LaunchScreen.storyboard */; };
		B3D69DA92B779EE000CBA806 /* SubOnboardingViewController.swift in Sources */ = {isa = PBXBuildFile; fileRef = B3D69DA82B779EE000CBA806 /* SubOnboardingViewController.swift */; };
		B3D69DB42B77A12C00CBA806 /* Fonts.swift in Sources */ = {isa = PBXBuildFile; fileRef = B3D69DB32B77A12C00CBA806 /* Fonts.swift */; };
		B3D69DB82B77A23F00CBA806 /* UIColor+Colors.swift in Sources */ = {isa = PBXBuildFile; fileRef = B3D69DB72B77A23F00CBA806 /* UIColor+Colors.swift */; };
		B3D69DBA2B77A40700CBA806 /* UIFont+LineHeight.swift in Sources */ = {isa = PBXBuildFile; fileRef = B3D69DB92B77A40700CBA806 /* UIFont+LineHeight.swift */; };
		B3D69DBD2B77AA3200CBA806 /* AuthViewController.swift in Sources */ = {isa = PBXBuildFile; fileRef = B3D69DBC2B77AA3200CBA806 /* AuthViewController.swift */; };
		B3D69DBE2B77C3D300CBA806 /* Raleway-Bold.ttf in Resources */ = {isa = PBXBuildFile; fileRef = B3D69DB02B77A0A200CBA806 /* Raleway-Bold.ttf */; };
		B3D69DBF2B77C3D300CBA806 /* Raleway-Medium.ttf in Resources */ = {isa = PBXBuildFile; fileRef = B3D69DAE2B77A0A200CBA806 /* Raleway-Medium.ttf */; };
		B3D69DC02B77C3D300CBA806 /* Raleway-Regular.ttf in Resources */ = {isa = PBXBuildFile; fileRef = B3D69DAF2B77A0A200CBA806 /* Raleway-Regular.ttf */; };
		B3D69DC12B77C3D300CBA806 /* Raleway-SemiBold.ttf in Resources */ = {isa = PBXBuildFile; fileRef = B3D69DB12B77A0A200CBA806 /* Raleway-SemiBold.ttf */; };
		B3D69DC22B77C3D300CBA806 /* PPNeueMontreal-Medium.otf in Resources */ = {isa = PBXBuildFile; fileRef = B3D69DAC2B77A02B00CBA806 /* PPNeueMontreal-Medium.otf */; };
		B3EA187E2B8665560034004B /* SleepTrackerRouter.swift in Sources */ = {isa = PBXBuildFile; fileRef = B3EA187D2B8665560034004B /* SleepTrackerRouter.swift */; };
		B3EA18802B86671C0034004B /* ApiConstants.swift in Sources */ = {isa = PBXBuildFile; fileRef = B3EA187F2B86671C0034004B /* ApiConstants.swift */; };
		B3EA18822B8667F20034004B /* ApiPaths.swift in Sources */ = {isa = PBXBuildFile; fileRef = B3EA18812B8667F20034004B /* ApiPaths.swift */; };
		B3EA18842B8669520034004B /* AuthManager.swift in Sources */ = {isa = PBXBuildFile; fileRef = B3EA18832B8669520034004B /* AuthManager.swift */; };
		B3EA18862B8669F70034004B /* ApiRequestInterceptor.swift in Sources */ = {isa = PBXBuildFile; fileRef = B3EA18852B8669F70034004B /* ApiRequestInterceptor.swift */; };
		B3EA18882B867B630034004B /* UITextField+ImageView.swift in Sources */ = {isa = PBXBuildFile; fileRef = B3EA18872B867B630034004B /* UITextField+ImageView.swift */; };
/* End PBXBuildFile section */

/* Begin PBXFileReference section */
		3C409EB44AE4106BE0ADAD9D /* Pods_Sleep_Tracker.framework */ = {isa = PBXFileReference; explicitFileType = wrapper.framework; includeInIndex = 0; path = Pods_Sleep_Tracker.framework; sourceTree = BUILT_PRODUCTS_DIR; };
		71565657A72B774722536DC9 /* Pods-Sleep Tracker.debug.xcconfig */ = {isa = PBXFileReference; includeInIndex = 1; lastKnownFileType = text.xcconfig; name = "Pods-Sleep Tracker.debug.xcconfig"; path = "Target Support Files/Pods-Sleep Tracker/Pods-Sleep Tracker.debug.xcconfig"; sourceTree = "<group>"; };
		8ADBDCCDFF62565D0CE8FFD2 /* Pods-Sleep Tracker.release.xcconfig */ = {isa = PBXFileReference; includeInIndex = 1; lastKnownFileType = text.xcconfig; name = "Pods-Sleep Tracker.release.xcconfig"; path = "Target Support Files/Pods-Sleep Tracker/Pods-Sleep Tracker.release.xcconfig"; sourceTree = "<group>"; };
		B3A586332B7BE37E005ABB2C /* LoginViewController.swift */ = {isa = PBXFileReference; lastKnownFileType = sourcecode.swift; path = LoginViewController.swift; sourceTree = "<group>"; };
		B3A586352B7BE7D7005ABB2C /* TextFieldWithLabel.swift */ = {isa = PBXFileReference; lastKnownFileType = sourcecode.swift; path = TextFieldWithLabel.swift; sourceTree = "<group>"; };
		B3A586372B7BF9A0005ABB2C /* TextField.swift */ = {isa = PBXFileReference; lastKnownFileType = sourcecode.swift; path = TextField.swift; sourceTree = "<group>"; };
		B3B9052E2B80A4D60091FC8E /* LoginViewModel.swift */ = {isa = PBXFileReference; lastKnownFileType = sourcecode.swift; path = LoginViewModel.swift; sourceTree = "<group>"; };
		B3B905302B80B4980091FC8E /* RegexValidations.swift */ = {isa = PBXFileReference; lastKnownFileType = sourcecode.swift; path = RegexValidations.swift; sourceTree = "<group>"; };
		B3C7F3BC2B7A926E0003D42E /* LogoView.swift */ = {isa = PBXFileReference; lastKnownFileType = sourcecode.swift; path = LogoView.swift; sourceTree = "<group>"; };
		B3C7F3BE2B7A9A980003D42E /* AuthActionsView.swift */ = {isa = PBXFileReference; lastKnownFileType = sourcecode.swift; path = AuthActionsView.swift; sourceTree = "<group>"; };
		B3C7F3C02B7A9E2A0003D42E /* AuthThirdPartyView.swift */ = {isa = PBXFileReference; lastKnownFileType = sourcecode.swift; path = AuthThirdPartyView.swift; sourceTree = "<group>"; };
		B3C7F3C32B7AA18F0003D42E /* OrDivider.swift */ = {isa = PBXFileReference; lastKnownFileType = sourcecode.swift; path = OrDivider.swift; sourceTree = "<group>"; };
		B3D69D8E2B779B3300CBA806 /* Sleep Tracker.app */ = {isa = PBXFileReference; explicitFileType = wrapper.application; includeInIndex = 0; path = "Sleep Tracker.app"; sourceTree = BUILT_PRODUCTS_DIR; };
		B3D69D912B779B3300CBA806 /* AppDelegate.swift */ = {isa = PBXFileReference; lastKnownFileType = sourcecode.swift; path = AppDelegate.swift; sourceTree = "<group>"; };
		B3D69D932B779B3300CBA806 /* SceneDelegate.swift */ = {isa = PBXFileReference; lastKnownFileType = sourcecode.swift; path = SceneDelegate.swift; sourceTree = "<group>"; };
		B3D69D952B779B3300CBA806 /* OnboardingViewController.swift */ = {isa = PBXFileReference; lastKnownFileType = sourcecode.swift; path = OnboardingViewController.swift; sourceTree = "<group>"; };
		B3D69D9A2B779B3400CBA806 /* Assets.xcassets */ = {isa = PBXFileReference; lastKnownFileType = folder.assetcatalog; path = Assets.xcassets; sourceTree = "<group>"; };
		B3D69D9D2B779B3400CBA806 /* Base */ = {isa = PBXFileReference; lastKnownFileType = file.storyboard; name = Base; path = Base.lproj/LaunchScreen.storyboard; sourceTree = "<group>"; };
		B3D69D9F2B779B3400CBA806 /* Info.plist */ = {isa = PBXFileReference; lastKnownFileType = text.plist.xml; path = Info.plist; sourceTree = "<group>"; };
		B3D69DA82B779EE000CBA806 /* SubOnboardingViewController.swift */ = {isa = PBXFileReference; lastKnownFileType = sourcecode.swift; path = SubOnboardingViewController.swift; sourceTree = "<group>"; };
		B3D69DAC2B77A02B00CBA806 /* PPNeueMontreal-Medium.otf */ = {isa = PBXFileReference; lastKnownFileType = file; name = "PPNeueMontreal-Medium.otf"; path = "../../../../../../../Downloads/PP Neue Montreal - Free for Personal Use v2.6/OTF/PPNeueMontreal-Medium.otf"; sourceTree = "<group>"; };
		B3D69DAE2B77A0A200CBA806 /* Raleway-Medium.ttf */ = {isa = PBXFileReference; lastKnownFileType = file; name = "Raleway-Medium.ttf"; path = "../../../../../../../Downloads/Raleway (1)/static/Raleway-Medium.ttf"; sourceTree = "<group>"; };
		B3D69DAF2B77A0A200CBA806 /* Raleway-Regular.ttf */ = {isa = PBXFileReference; lastKnownFileType = file; name = "Raleway-Regular.ttf"; path = "../../../../../../../Downloads/Raleway (1)/static/Raleway-Regular.ttf"; sourceTree = "<group>"; };
		B3D69DB02B77A0A200CBA806 /* Raleway-Bold.ttf */ = {isa = PBXFileReference; lastKnownFileType = file; name = "Raleway-Bold.ttf"; path = "../../../../../../../Downloads/Raleway (1)/static/Raleway-Bold.ttf"; sourceTree = "<group>"; };
		B3D69DB12B77A0A200CBA806 /* Raleway-SemiBold.ttf */ = {isa = PBXFileReference; lastKnownFileType = file; name = "Raleway-SemiBold.ttf"; path = "../../../../../../../Downloads/Raleway (1)/static/Raleway-SemiBold.ttf"; sourceTree = "<group>"; };
		B3D69DB32B77A12C00CBA806 /* Fonts.swift */ = {isa = PBXFileReference; lastKnownFileType = sourcecode.swift; path = Fonts.swift; sourceTree = "<group>"; };
		B3D69DB72B77A23F00CBA806 /* UIColor+Colors.swift */ = {isa = PBXFileReference; lastKnownFileType = sourcecode.swift; path = "UIColor+Colors.swift"; sourceTree = "<group>"; };
		B3D69DB92B77A40700CBA806 /* UIFont+LineHeight.swift */ = {isa = PBXFileReference; lastKnownFileType = sourcecode.swift; path = "UIFont+LineHeight.swift"; sourceTree = "<group>"; };
		B3D69DBC2B77AA3200CBA806 /* AuthViewController.swift */ = {isa = PBXFileReference; lastKnownFileType = sourcecode.swift; path = AuthViewController.swift; sourceTree = "<group>"; };
		B3EA187D2B8665560034004B /* SleepTrackerRouter.swift */ = {isa = PBXFileReference; lastKnownFileType = sourcecode.swift; path = SleepTrackerRouter.swift; sourceTree = "<group>"; };
		B3EA187F2B86671C0034004B /* ApiConstants.swift */ = {isa = PBXFileReference; lastKnownFileType = sourcecode.swift; path = ApiConstants.swift; sourceTree = "<group>"; };
		B3EA18812B8667F20034004B /* ApiPaths.swift */ = {isa = PBXFileReference; lastKnownFileType = sourcecode.swift; path = ApiPaths.swift; sourceTree = "<group>"; };
		B3EA18832B8669520034004B /* AuthManager.swift */ = {isa = PBXFileReference; lastKnownFileType = sourcecode.swift; path = AuthManager.swift; sourceTree = "<group>"; };
		B3EA18852B8669F70034004B /* ApiRequestInterceptor.swift */ = {isa = PBXFileReference; lastKnownFileType = sourcecode.swift; path = ApiRequestInterceptor.swift; sourceTree = "<group>"; };
		B3EA18872B867B630034004B /* UITextField+ImageView.swift */ = {isa = PBXFileReference; lastKnownFileType = sourcecode.swift; path = "UITextField+ImageView.swift"; sourceTree = "<group>"; };
/* End PBXFileReference section */

/* Begin PBXFrameworksBuildPhase section */
		B3D69D8B2B779B3300CBA806 /* Frameworks */ = {
			isa = PBXFrameworksBuildPhase;
			buildActionMask = 2147483647;
			files = (
				A8CEA96F654C3673D453A8CE /* Pods_Sleep_Tracker.framework in Frameworks */,
			);
			runOnlyForDeploymentPostprocessing = 0;
		};
/* End PBXFrameworksBuildPhase section */

/* Begin PBXGroup section */
		A1CF3D51D8B9B89789723123 /* Pods */ = {
			isa = PBXGroup;
			children = (
				71565657A72B774722536DC9 /* Pods-Sleep Tracker.debug.xcconfig */,
				8ADBDCCDFF62565D0CE8FFD2 /* Pods-Sleep Tracker.release.xcconfig */,
			);
			path = Pods;
			sourceTree = "<group>";
		};
		B3A586312B7BE334005ABB2C /* Login Page */ = {
			isa = PBXGroup;
			children = (
				B3B9052D2B80A4260091FC8E /* ViewModel */,
				B3A586322B7BE345005ABB2C /* Views */,
			);
			path = "Login Page";
			sourceTree = "<group>";
		};
		B3A586322B7BE345005ABB2C /* Views */ = {
			isa = PBXGroup;
			children = (
				B3A586332B7BE37E005ABB2C /* LoginViewController.swift */,
			);
			path = Views;
			sourceTree = "<group>";
		};
		B3B9052D2B80A4260091FC8E /* ViewModel */ = {
			isa = PBXGroup;
			children = (
				B3B9052E2B80A4D60091FC8E /* LoginViewModel.swift */,
			);
			path = ViewModel;
			sourceTree = "<group>";
		};
		B3C7F3BA2B7A91D20003D42E /* Views */ = {
			isa = PBXGroup;
			children = (
				B3D69D952B779B3300CBA806 /* OnboardingViewController.swift */,
				B3D69DA82B779EE000CBA806 /* SubOnboardingViewController.swift */,
			);
			path = Views;
			sourceTree = "<group>";
		};
		B3C7F3BB2B7A91DB0003D42E /* Views */ = {
			isa = PBXGroup;
			children = (
				B3D69DBC2B77AA3200CBA806 /* AuthViewController.swift */,
				B3C7F3BC2B7A926E0003D42E /* LogoView.swift */,
				B3C7F3BE2B7A9A980003D42E /* AuthActionsView.swift */,
				B3C7F3C02B7A9E2A0003D42E /* AuthThirdPartyView.swift */,
			);
			path = Views;
			sourceTree = "<group>";
		};
		B3C7F3C22B7AA1820003D42E /* Views */ = {
			isa = PBXGroup;
			children = (
				B3C7F3C32B7AA18F0003D42E /* OrDivider.swift */,
				B3A586372B7BF9A0005ABB2C /* TextField.swift */,
				B3A586352B7BE7D7005ABB2C /* TextFieldWithLabel.swift */,
			);
			path = Views;
			sourceTree = "<group>";
		};
		B3D69D852B779B3300CBA806 = {
			isa = PBXGroup;
			children = (
				B3D69D902B779B3300CBA806 /* Sleep Tracker */,
				B3D69D8F2B779B3300CBA806 /* Products */,
				A1CF3D51D8B9B89789723123 /* Pods */,
				E8006E58A552A7F7C45DB3A2 /* Frameworks */,
			);
			sourceTree = "<group>";
		};
		B3D69D8F2B779B3300CBA806 /* Products */ = {
			isa = PBXGroup;
			children = (
				B3D69D8E2B779B3300CBA806 /* Sleep Tracker.app */,
			);
			name = Products;
			sourceTree = "<group>";
		};
		B3D69D902B779B3300CBA806 /* Sleep Tracker */ = {
			isa = PBXGroup;
			children = (
				B3C7F3C22B7AA1820003D42E /* Views */,
				B3D69DB22B77A12100CBA806 /* Common */,
				B3D69DA62B779DC100CBA806 /* Features */,
				B3D69DA52B779DB000CBA806 /* Resources */,
				B3D69D912B779B3300CBA806 /* AppDelegate.swift */,
				B3D69D932B779B3300CBA806 /* SceneDelegate.swift */,
				B3D69D9C2B779B3400CBA806 /* LaunchScreen.storyboard */,
				B3D69D9F2B779B3400CBA806 /* Info.plist */,
			);
			path = "Sleep Tracker";
			sourceTree = "<group>";
		};
		B3D69DA52B779DB000CBA806 /* Resources */ = {
			isa = PBXGroup;
			children = (
				B3D69DAA2B77A00C00CBA806 /* Fonts */,
				B3D69D9A2B779B3400CBA806 /* Assets.xcassets */,
			);
			path = Resources;
			sourceTree = "<group>";
		};
		B3D69DA62B779DC100CBA806 /* Features */ = {
			isa = PBXGroup;
			children = (
				B3D69DBB2B77AA0000CBA806 /* Auth Page */,
				B3A586312B7BE334005ABB2C /* Login Page */,
				B3D69DA72B779DCC00CBA806 /* Onboarding Page */,
			);
			path = Features;
			sourceTree = "<group>";
		};
		B3D69DA72B779DCC00CBA806 /* Onboarding Page */ = {
			isa = PBXGroup;
			children = (
				B3C7F3BA2B7A91D20003D42E /* Views */,
			);
			path = "Onboarding Page";
			sourceTree = "<group>";
		};
		B3D69DAA2B77A00C00CBA806 /* Fonts */ = {
			isa = PBXGroup;
			children = (
				B3D69DAD2B77A03100CBA806 /* Raleway */,
				B3D69DAB2B77A01700CBA806 /* Neue Montreal */,
			);
			path = Fonts;
			sourceTree = "<group>";
		};
		B3D69DAB2B77A01700CBA806 /* Neue Montreal */ = {
			isa = PBXGroup;
			children = (
				B3D69DAC2B77A02B00CBA806 /* PPNeueMontreal-Medium.otf */,
			);
			path = "Neue Montreal";
			sourceTree = "<group>";
		};
		B3D69DAD2B77A03100CBA806 /* Raleway */ = {
			isa = PBXGroup;
			children = (
				B3D69DB02B77A0A200CBA806 /* Raleway-Bold.ttf */,
				B3D69DAE2B77A0A200CBA806 /* Raleway-Medium.ttf */,
				B3D69DAF2B77A0A200CBA806 /* Raleway-Regular.ttf */,
				B3D69DB12B77A0A200CBA806 /* Raleway-SemiBold.ttf */,
			);
			path = Raleway;
			sourceTree = "<group>";
		};
		B3D69DB22B77A12100CBA806 /* Common */ = {
			isa = PBXGroup;
			children = (
				B3EA187C2B8665390034004B /* Networking */,
				B3D69DB62B77A23200CBA806 /* Extensions */,
				B3D69DB52B77A21A00CBA806 /* Helpers */,
			);
			path = Common;
			sourceTree = "<group>";
		};
		B3D69DB52B77A21A00CBA806 /* Helpers */ = {
			isa = PBXGroup;
			children = (
				B3D69DB32B77A12C00CBA806 /* Fonts.swift */,
				B3B905302B80B4980091FC8E /* RegexValidations.swift */,
			);
			path = Helpers;
			sourceTree = "<group>";
		};
		B3D69DB62B77A23200CBA806 /* Extensions */ = {
			isa = PBXGroup;
			children = (
				B3D69DB72B77A23F00CBA806 /* UIColor+Colors.swift */,
				B3D69DB92B77A40700CBA806 /* UIFont+LineHeight.swift */,
				B3EA18872B867B630034004B /* UITextField+ImageView.swift */,
			);
			path = Extensions;
			sourceTree = "<group>";
		};
		B3D69DBB2B77AA0000CBA806 /* Auth Page */ = {
			isa = PBXGroup;
			children = (
				B3C7F3BB2B7A91DB0003D42E /* Views */,
			);
			path = "Auth Page";
			sourceTree = "<group>";
		};
		B3EA187C2B8665390034004B /* Networking */ = {
			isa = PBXGroup;
			children = (
				B3EA187D2B8665560034004B /* SleepTrackerRouter.swift */,
				B3EA187F2B86671C0034004B /* ApiConstants.swift */,
				B3EA18812B8667F20034004B /* ApiPaths.swift */,
				B3EA18832B8669520034004B /* AuthManager.swift */,
				B3EA18852B8669F70034004B /* ApiRequestInterceptor.swift */,
			);
			path = Networking;
			sourceTree = "<group>";
		};
		E8006E58A552A7F7C45DB3A2 /* Frameworks */ = {
			isa = PBXGroup;
			children = (
				3C409EB44AE4106BE0ADAD9D /* Pods_Sleep_Tracker.framework */,
			);
			name = Frameworks;
			sourceTree = "<group>";
		};
/* End PBXGroup section */

/* Begin PBXNativeTarget section */
		B3D69D8D2B779B3300CBA806 /* Sleep Tracker */ = {
			isa = PBXNativeTarget;
			buildConfigurationList = B3D69DA22B779B3400CBA806 /* Build configuration list for PBXNativeTarget "Sleep Tracker" */;
			buildPhases = (
				8F7B1F556FF20BE57B74737C /* [CP] Check Pods Manifest.lock */,
				B3B54D442B79115000D23677 /* ShellScript */,
				B3D69D8A2B779B3300CBA806 /* Sources */,
				B3D69D8B2B779B3300CBA806 /* Frameworks */,
				B3D69D8C2B779B3300CBA806 /* Resources */,
				4ED03DDCE93FCC2CDA572E65 /* [CP] Embed Pods Frameworks */,
			);
			buildRules = (
			);
			dependencies = (
			);
			name = "Sleep Tracker";
			productName = "Sleep Tracker";
			productReference = B3D69D8E2B779B3300CBA806 /* Sleep Tracker.app */;
			productType = "com.apple.product-type.application";
		};
/* End PBXNativeTarget section */

/* Begin PBXProject section */
		B3D69D862B779B3300CBA806 /* Project object */ = {
			isa = PBXProject;
			attributes = {
				BuildIndependentTargetsInParallel = 1;
				LastSwiftUpdateCheck = 1520;
				LastUpgradeCheck = 1520;
				TargetAttributes = {
					B3D69D8D2B779B3300CBA806 = {
						CreatedOnToolsVersion = 15.2;
					};
				};
			};
			buildConfigurationList = B3D69D892B779B3300CBA806 /* Build configuration list for PBXProject "Sleep Tracker" */;
			compatibilityVersion = "Xcode 14.0";
			developmentRegion = en;
			hasScannedForEncodings = 0;
			knownRegions = (
				en,
				Base,
			);
			mainGroup = B3D69D852B779B3300CBA806;
			productRefGroup = B3D69D8F2B779B3300CBA806 /* Products */;
			projectDirPath = "";
			projectRoot = "";
			targets = (
				B3D69D8D2B779B3300CBA806 /* Sleep Tracker */,
			);
		};
/* End PBXProject section */

/* Begin PBXResourcesBuildPhase section */
		B3D69D8C2B779B3300CBA806 /* Resources */ = {
			isa = PBXResourcesBuildPhase;
			buildActionMask = 2147483647;
			files = (
				B3D69DBE2B77C3D300CBA806 /* Raleway-Bold.ttf in Resources */,
				B3D69DBF2B77C3D300CBA806 /* Raleway-Medium.ttf in Resources */,
				B3D69DC02B77C3D300CBA806 /* Raleway-Regular.ttf in Resources */,
				B3D69DC12B77C3D300CBA806 /* Raleway-SemiBold.ttf in Resources */,
				B3D69DC22B77C3D300CBA806 /* PPNeueMontreal-Medium.otf in Resources */,
				B3D69D9E2B779B3400CBA806 /* LaunchScreen.storyboard in Resources */,
				B3D69D9B2B779B3400CBA806 /* Assets.xcassets in Resources */,
			);
			runOnlyForDeploymentPostprocessing = 0;
		};
/* End PBXResourcesBuildPhase section */

/* Begin PBXShellScriptBuildPhase section */
		4ED03DDCE93FCC2CDA572E65 /* [CP] Embed Pods Frameworks */ = {
			isa = PBXShellScriptBuildPhase;
			buildActionMask = 2147483647;
			files = (
			);
			inputFileListPaths = (
				"${PODS_ROOT}/Target Support Files/Pods-Sleep Tracker/Pods-Sleep Tracker-frameworks-${CONFIGURATION}-input-files.xcfilelist",
			);
			name = "[CP] Embed Pods Frameworks";
			outputFileListPaths = (
				"${PODS_ROOT}/Target Support Files/Pods-Sleep Tracker/Pods-Sleep Tracker-frameworks-${CONFIGURATION}-output-files.xcfilelist",
			);
			runOnlyForDeploymentPostprocessing = 0;
			shellPath = /bin/sh;
			shellScript = "\"${PODS_ROOT}/Target Support Files/Pods-Sleep Tracker/Pods-Sleep Tracker-frameworks.sh\"\n";
			showEnvVarsInLog = 0;
		};
		8F7B1F556FF20BE57B74737C /* [CP] Check Pods Manifest.lock */ = {
			isa = PBXShellScriptBuildPhase;
			buildActionMask = 2147483647;
			files = (
			);
			inputFileListPaths = (
			);
			inputPaths = (
				"${PODS_PODFILE_DIR_PATH}/Podfile.lock",
				"${PODS_ROOT}/Manifest.lock",
			);
			name = "[CP] Check Pods Manifest.lock";
			outputFileListPaths = (
			);
			outputPaths = (
				"$(DERIVED_FILE_DIR)/Pods-Sleep Tracker-checkManifestLockResult.txt",
			);
			runOnlyForDeploymentPostprocessing = 0;
			shellPath = /bin/sh;
			shellScript = "diff \"${PODS_PODFILE_DIR_PATH}/Podfile.lock\" \"${PODS_ROOT}/Manifest.lock\" > /dev/null\nif [ $? != 0 ] ; then\n    # print error to STDERR\n    echo \"error: The sandbox is not in sync with the Podfile.lock. Run 'pod install' or update your CocoaPods installation.\" >&2\n    exit 1\nfi\n# This output is used by Xcode 'outputs' to avoid re-running this script phase.\necho \"SUCCESS\" > \"${SCRIPT_OUTPUT_FILE_0}\"\n";
			showEnvVarsInLog = 0;
		};
		B3B54D442B79115000D23677 /* ShellScript */ = {
			isa = PBXShellScriptBuildPhase;
			alwaysOutOfDate = 1;
			buildActionMask = 2147483647;
			files = (
			);
			inputFileListPaths = (
			);
			inputPaths = (
			);
			outputFileListPaths = (
			);
			outputPaths = (
			);
			runOnlyForDeploymentPostprocessing = 0;
			shellPath = /bin/sh;
			shellScript = "export PATH=\"$PATH:/opt/homebrew/bin\"\nif which swiftlint > /dev/null; then\n  swiftlint\nelse\n  echo \"warning: SwiftLint not installed, download from https://github.com/realm/SwiftLint\"\nfi\n";
			showEnvVarsInLog = 0;
		};
/* End PBXShellScriptBuildPhase section */

/* Begin PBXSourcesBuildPhase section */
		B3D69D8A2B779B3300CBA806 /* Sources */ = {
			isa = PBXSourcesBuildPhase;
			buildActionMask = 2147483647;
			files = (
				B3A586342B7BE37E005ABB2C /* LoginViewController.swift in Sources */,
				B3EA18842B8669520034004B /* AuthManager.swift in Sources */,
				B3D69DBA2B77A40700CBA806 /* UIFont+LineHeight.swift in Sources */,
				B3EA18802B86671C0034004B /* ApiConstants.swift in Sources */,
				B3C7F3BD2B7A926E0003D42E /* LogoView.swift in Sources */,
				B3A586382B7BF9A0005ABB2C /* TextField.swift in Sources */,
				B3EA18882B867B630034004B /* UITextField+ImageView.swift in Sources */,
				B3B9052F2B80A4D60091FC8E /* LoginViewModel.swift in Sources */,
				B3EA187E2B8665560034004B /* SleepTrackerRouter.swift in Sources */,
				B3EA18822B8667F20034004B /* ApiPaths.swift in Sources */,
				B3A586362B7BE7D7005ABB2C /* TextFieldWithLabel.swift in Sources */,
				B3C7F3C42B7AA18F0003D42E /* OrDivider.swift in Sources */,
				B3EA18862B8669F70034004B /* ApiRequestInterceptor.swift in Sources */,
				B3C7F3BF2B7A9A980003D42E /* AuthActionsView.swift in Sources */,
				B3D69DA92B779EE000CBA806 /* SubOnboardingViewController.swift in Sources */,
				B3D69DB82B77A23F00CBA806 /* UIColor+Colors.swift in Sources */,
				B3D69DB42B77A12C00CBA806 /* Fonts.swift in Sources */,
				B3C7F3C12B7A9E2A0003D42E /* AuthThirdPartyView.swift in Sources */,
				B3D69DBD2B77AA3200CBA806 /* AuthViewController.swift in Sources */,
				B3D69D962B779B3300CBA806 /* OnboardingViewController.swift in Sources */,
				B3D69D922B779B3300CBA806 /* AppDelegate.swift in Sources */,
				B3B905312B80B4980091FC8E /* RegexValidations.swift in Sources */,
				B3D69D942B779B3300CBA806 /* SceneDelegate.swift in Sources */,
			);
			runOnlyForDeploymentPostprocessing = 0;
		};
/* End PBXSourcesBuildPhase section */

/* Begin PBXVariantGroup section */
		B3D69D9C2B779B3400CBA806 /* LaunchScreen.storyboard */ = {
			isa = PBXVariantGroup;
			children = (
				B3D69D9D2B779B3400CBA806 /* Base */,
			);
			name = LaunchScreen.storyboard;
			sourceTree = "<group>";
		};
/* End PBXVariantGroup section */

/* Begin XCBuildConfiguration section */
		B3D69DA02B779B3400CBA806 /* Debug */ = {
			isa = XCBuildConfiguration;
			buildSettings = {
				ALWAYS_SEARCH_USER_PATHS = NO;
				ASSETCATALOG_COMPILER_GENERATE_SWIFT_ASSET_SYMBOL_EXTENSIONS = YES;
				CLANG_ANALYZER_NONNULL = YES;
				CLANG_ANALYZER_NUMBER_OBJECT_CONVERSION = YES_AGGRESSIVE;
				CLANG_CXX_LANGUAGE_STANDARD = "gnu++20";
				CLANG_ENABLE_MODULES = YES;
				CLANG_ENABLE_OBJC_ARC = YES;
				CLANG_ENABLE_OBJC_WEAK = YES;
				CLANG_WARN_BLOCK_CAPTURE_AUTORELEASING = YES;
				CLANG_WARN_BOOL_CONVERSION = YES;
				CLANG_WARN_COMMA = YES;
				CLANG_WARN_CONSTANT_CONVERSION = YES;
				CLANG_WARN_DEPRECATED_OBJC_IMPLEMENTATIONS = YES;
				CLANG_WARN_DIRECT_OBJC_ISA_USAGE = YES_ERROR;
				CLANG_WARN_DOCUMENTATION_COMMENTS = YES;
				CLANG_WARN_EMPTY_BODY = YES;
				CLANG_WARN_ENUM_CONVERSION = YES;
				CLANG_WARN_INFINITE_RECURSION = YES;
				CLANG_WARN_INT_CONVERSION = YES;
				CLANG_WARN_NON_LITERAL_NULL_CONVERSION = YES;
				CLANG_WARN_OBJC_IMPLICIT_RETAIN_SELF = YES;
				CLANG_WARN_OBJC_LITERAL_CONVERSION = YES;
				CLANG_WARN_OBJC_ROOT_CLASS = YES_ERROR;
				CLANG_WARN_QUOTED_INCLUDE_IN_FRAMEWORK_HEADER = YES;
				CLANG_WARN_RANGE_LOOP_ANALYSIS = YES;
				CLANG_WARN_STRICT_PROTOTYPES = YES;
				CLANG_WARN_SUSPICIOUS_MOVE = YES;
				CLANG_WARN_UNGUARDED_AVAILABILITY = YES_AGGRESSIVE;
				CLANG_WARN_UNREACHABLE_CODE = YES;
				CLANG_WARN__DUPLICATE_METHOD_MATCH = YES;
				COPY_PHASE_STRIP = NO;
				DEBUG_INFORMATION_FORMAT = dwarf;
				ENABLE_STRICT_OBJC_MSGSEND = YES;
				ENABLE_TESTABILITY = YES;
				ENABLE_USER_SCRIPT_SANDBOXING = NO;
				GCC_C_LANGUAGE_STANDARD = gnu17;
				GCC_DYNAMIC_NO_PIC = NO;
				GCC_NO_COMMON_BLOCKS = YES;
				GCC_OPTIMIZATION_LEVEL = 0;
				GCC_PREPROCESSOR_DEFINITIONS = (
					"DEBUG=1",
					"$(inherited)",
				);
				GCC_WARN_64_TO_32_BIT_CONVERSION = YES;
				GCC_WARN_ABOUT_RETURN_TYPE = YES_ERROR;
				GCC_WARN_UNDECLARED_SELECTOR = YES;
				GCC_WARN_UNINITIALIZED_AUTOS = YES_AGGRESSIVE;
				GCC_WARN_UNUSED_FUNCTION = YES;
				GCC_WARN_UNUSED_VARIABLE = YES;
				IPHONEOS_DEPLOYMENT_TARGET = 16.0;
				LOCALIZATION_PREFERS_STRING_CATALOGS = YES;
				MTL_ENABLE_DEBUG_INFO = INCLUDE_SOURCE;
				MTL_FAST_MATH = YES;
				ONLY_ACTIVE_ARCH = YES;
				SDKROOT = iphoneos;
				SWIFT_ACTIVE_COMPILATION_CONDITIONS = "DEBUG $(inherited)";
				SWIFT_OPTIMIZATION_LEVEL = "-Onone";
			};
			name = Debug;
		};
		B3D69DA12B779B3400CBA806 /* Release */ = {
			isa = XCBuildConfiguration;
			buildSettings = {
				ALWAYS_SEARCH_USER_PATHS = NO;
				ASSETCATALOG_COMPILER_GENERATE_SWIFT_ASSET_SYMBOL_EXTENSIONS = YES;
				CLANG_ANALYZER_NONNULL = YES;
				CLANG_ANALYZER_NUMBER_OBJECT_CONVERSION = YES_AGGRESSIVE;
				CLANG_CXX_LANGUAGE_STANDARD = "gnu++20";
				CLANG_ENABLE_MODULES = YES;
				CLANG_ENABLE_OBJC_ARC = YES;
				CLANG_ENABLE_OBJC_WEAK = YES;
				CLANG_WARN_BLOCK_CAPTURE_AUTORELEASING = YES;
				CLANG_WARN_BOOL_CONVERSION = YES;
				CLANG_WARN_COMMA = YES;
				CLANG_WARN_CONSTANT_CONVERSION = YES;
				CLANG_WARN_DEPRECATED_OBJC_IMPLEMENTATIONS = YES;
				CLANG_WARN_DIRECT_OBJC_ISA_USAGE = YES_ERROR;
				CLANG_WARN_DOCUMENTATION_COMMENTS = YES;
				CLANG_WARN_EMPTY_BODY = YES;
				CLANG_WARN_ENUM_CONVERSION = YES;
				CLANG_WARN_INFINITE_RECURSION = YES;
				CLANG_WARN_INT_CONVERSION = YES;
				CLANG_WARN_NON_LITERAL_NULL_CONVERSION = YES;
				CLANG_WARN_OBJC_IMPLICIT_RETAIN_SELF = YES;
				CLANG_WARN_OBJC_LITERAL_CONVERSION = YES;
				CLANG_WARN_OBJC_ROOT_CLASS = YES_ERROR;
				CLANG_WARN_QUOTED_INCLUDE_IN_FRAMEWORK_HEADER = YES;
				CLANG_WARN_RANGE_LOOP_ANALYSIS = YES;
				CLANG_WARN_STRICT_PROTOTYPES = YES;
				CLANG_WARN_SUSPICIOUS_MOVE = YES;
				CLANG_WARN_UNGUARDED_AVAILABILITY = YES_AGGRESSIVE;
				CLANG_WARN_UNREACHABLE_CODE = YES;
				CLANG_WARN__DUPLICATE_METHOD_MATCH = YES;
				COPY_PHASE_STRIP = NO;
				DEBUG_INFORMATION_FORMAT = "dwarf-with-dsym";
				ENABLE_NS_ASSERTIONS = NO;
				ENABLE_STRICT_OBJC_MSGSEND = YES;
				ENABLE_USER_SCRIPT_SANDBOXING = NO;
				GCC_C_LANGUAGE_STANDARD = gnu17;
				GCC_NO_COMMON_BLOCKS = YES;
				GCC_WARN_64_TO_32_BIT_CONVERSION = YES;
				GCC_WARN_ABOUT_RETURN_TYPE = YES_ERROR;
				GCC_WARN_UNDECLARED_SELECTOR = YES;
				GCC_WARN_UNINITIALIZED_AUTOS = YES_AGGRESSIVE;
				GCC_WARN_UNUSED_FUNCTION = YES;
				GCC_WARN_UNUSED_VARIABLE = YES;
				IPHONEOS_DEPLOYMENT_TARGET = 16.0;
				LOCALIZATION_PREFERS_STRING_CATALOGS = YES;
				MTL_ENABLE_DEBUG_INFO = NO;
				MTL_FAST_MATH = YES;
				SDKROOT = iphoneos;
				SWIFT_COMPILATION_MODE = wholemodule;
				VALIDATE_PRODUCT = YES;
			};
			name = Release;
		};
		B3D69DA32B779B3400CBA806 /* Debug */ = {
			isa = XCBuildConfiguration;
			baseConfigurationReference = 71565657A72B774722536DC9 /* Pods-Sleep Tracker.debug.xcconfig */;
			buildSettings = {
				ASSETCATALOG_COMPILER_APPICON_NAME = AppIcon;
				ASSETCATALOG_COMPILER_GLOBAL_ACCENT_COLOR_NAME = AccentColor;
				CODE_SIGN_STYLE = Automatic;
				CURRENT_PROJECT_VERSION = 1;
				DEVELOPMENT_TEAM = B6PUMXWTQP;
				GENERATE_INFOPLIST_FILE = YES;
				INFOPLIST_FILE = "Sleep Tracker/Info.plist";
				INFOPLIST_KEY_UIApplicationSupportsIndirectInputEvents = YES;
				INFOPLIST_KEY_UILaunchStoryboardName = LaunchScreen;
				INFOPLIST_KEY_UISupportedInterfaceOrientations = UIInterfaceOrientationPortrait;
				INFOPLIST_KEY_UISupportedInterfaceOrientations_iPad = "UIInterfaceOrientationLandscapeLeft UIInterfaceOrientationLandscapeRight UIInterfaceOrientationPortrait UIInterfaceOrientationPortraitUpsideDown";
				IPHONEOS_DEPLOYMENT_TARGET = 16.0;
				LD_RUNPATH_SEARCH_PATHS = (
					"$(inherited)",
					"@executable_path/Frameworks",
				);
				MARKETING_VERSION = 1.0;
				PRODUCT_BUNDLE_IDENTIFIER = "com.frolikss.Sleep-Tracker";
				PRODUCT_NAME = "$(TARGET_NAME)";
				SWIFT_EMIT_LOC_STRINGS = YES;
				SWIFT_VERSION = 5.0;
				TARGETED_DEVICE_FAMILY = "1,2";
			};
			name = Debug;
		};
		B3D69DA42B779B3400CBA806 /* Release */ = {
			isa = XCBuildConfiguration;
			baseConfigurationReference = 8ADBDCCDFF62565D0CE8FFD2 /* Pods-Sleep Tracker.release.xcconfig */;
			buildSettings = {
				ASSETCATALOG_COMPILER_APPICON_NAME = AppIcon;
				ASSETCATALOG_COMPILER_GLOBAL_ACCENT_COLOR_NAME = AccentColor;
				CODE_SIGN_STYLE = Automatic;
				CURRENT_PROJECT_VERSION = 1;
				DEVELOPMENT_TEAM = B6PUMXWTQP;
				GENERATE_INFOPLIST_FILE = YES;
				INFOPLIST_FILE = "Sleep Tracker/Info.plist";
				INFOPLIST_KEY_UIApplicationSupportsIndirectInputEvents = YES;
				INFOPLIST_KEY_UILaunchStoryboardName = LaunchScreen;
				INFOPLIST_KEY_UISupportedInterfaceOrientations = UIInterfaceOrientationPortrait;
				INFOPLIST_KEY_UISupportedInterfaceOrientations_iPad = "UIInterfaceOrientationLandscapeLeft UIInterfaceOrientationLandscapeRight UIInterfaceOrientationPortrait UIInterfaceOrientationPortraitUpsideDown";
				IPHONEOS_DEPLOYMENT_TARGET = 16.0;
				LD_RUNPATH_SEARCH_PATHS = (
					"$(inherited)",
					"@executable_path/Frameworks",
				);
				MARKETING_VERSION = 1.0;
				PRODUCT_BUNDLE_IDENTIFIER = "com.frolikss.Sleep-Tracker";
				PRODUCT_NAME = "$(TARGET_NAME)";
				SWIFT_EMIT_LOC_STRINGS = YES;
				SWIFT_VERSION = 5.0;
				TARGETED_DEVICE_FAMILY = "1,2";
			};
			name = Release;
		};
/* End XCBuildConfiguration section */

/* Begin XCConfigurationList section */
		B3D69D892B779B3300CBA806 /* Build configuration list for PBXProject "Sleep Tracker" */ = {
			isa = XCConfigurationList;
			buildConfigurations = (
				B3D69DA02B779B3400CBA806 /* Debug */,
				B3D69DA12B779B3400CBA806 /* Release */,
			);
			defaultConfigurationIsVisible = 0;
			defaultConfigurationName = Release;
		};
		B3D69DA22B779B3400CBA806 /* Build configuration list for PBXNativeTarget "Sleep Tracker" */ = {
			isa = XCConfigurationList;
			buildConfigurations = (
				B3D69DA32B779B3400CBA806 /* Debug */,
				B3D69DA42B779B3400CBA806 /* Release */,
			);
			defaultConfigurationIsVisible = 0;
			defaultConfigurationName = Release;
		};
/* End XCConfigurationList section */
	};
	rootObject = B3D69D862B779B3300CBA806 /* Project object */;
}
